schema: '2.0'
stages:
  preprocess:
    cmd: py src/data/make_dataset.py
    deps:
    - path: data/raw/brainlat
      hash: md5
      md5: b808a056562c1e4315615c0c3ab6c6dd.dir
      size: 8037634919
      nfiles: 467
    - path: src/data/make_dataset.py
      hash: md5
      md5: 6b05605a9a8098027353123d91ee34a4
      size: 4630
    params:
      params.yaml:
        make_dataset.dataset_name: brainlat
        make_dataset.window_size: 3.0
    outs:
    - path: data/processed
      hash: md5
      md5: 4cb78176af9d6fbe321cabfbe4898f26.dir
      size: 7791293741
      nfiles: 67
  train_repr:
    cmd: py src/training/train_representation.py
    deps:
    - path: data/processed
      hash: md5
      md5: 4cb78176af9d6fbe321cabfbe4898f26.dir
      size: 7791293741
      nfiles: 67
    - path: src/data/dataloaders.py
      hash: md5
      md5: 487a563d685a53b5938a63f1587a3737
      size: 4664
    - path: src/models/baseline_ae.py
      hash: md5
      md5: c7f44a003364565cc7b0ccac449ed864
      size: 1364
    - path: src/training/train_representation.py
      hash: md5
      md5: d619c20a71cb5193de5dba3bae36bb64
      size: 2874
    params:
      params.yaml:
        train.batch_size: 64
        train.epochs: 30
        train.learning_rate: 0.001
        train.n_splits: 5
    outs:
    - path: models/representations/ae
      hash: md5
      md5: 98c750b2c69c30057dec467e3210232e.dir
      size: 151813
      nfiles: 1
  train_classifier:
    cmd: py src/training/train_classifier.py
    deps:
    - path: data/processed
      hash: md5
      md5: 4cb78176af9d6fbe321cabfbe4898f26.dir
      size: 7791293741
      nfiles: 67
    - path: models/representations/ae
      hash: md5
      md5: 98c750b2c69c30057dec467e3210232e.dir
      size: 151813
      nfiles: 1
    - path: src/data/dataloaders.py
      hash: md5
      md5: 487a563d685a53b5938a63f1587a3737
      size: 4664
    - path: src/models/baseline_ae.py
      hash: md5
      md5: c7f44a003364565cc7b0ccac449ed864
      size: 1364
    - path: src/models/linear_classifier.py
      hash: md5
      md5: 1998fbfbff0b7cc89086d88d42833714
      size: 1205
    - path: src/training/train_classifier.py
      hash: md5
      md5: 86ae3fc80cb4b907b88caecfb0d44925
      size: 3266
    params:
      params.yaml:
        train.batch_size: 64
        train.n_splits: 5
