schema: '2.0'
stages:
  preprocess:
    cmd: py src/data/make_dataset.py
    deps:
    - path: data/raw/brainlat
      hash: md5
      md5: b808a056562c1e4315615c0c3ab6c6dd.dir
      size: 8037634919
      nfiles: 467
    - path: src/data/make_dataset.py
      hash: md5
      md5: 1b3bfa363dd2eaea33db972262124021
      size: 4614
    params:
      params.yaml:
        make_dataset.dataset_name: brainlat
        make_dataset.window_size: 3.0
    outs:
    - path: data/processed
      hash: md5
      md5: 38254faac91a50bcf38a7ae8c215908f.dir
      size: 7791293741
      nfiles: 67
  train_repr:
    cmd: py src/training/train_representation.py
    deps:
    - path: data/processed
      hash: md5
      md5: 38254faac91a50bcf38a7ae8c215908f.dir
      size: 7791293741
      nfiles: 67
    - path: src/data/dataloaders.py
      hash: md5
      md5: 02dcc1368139034ddb70ec005a8e7642
      size: 4540
    - path: src/models/baseline_ae.py
      hash: md5
      md5: 506239892386a51845935afa48acdddd
      size: 1327
    - path: src/training/train_representation.py
      hash: md5
      md5: 31425ce35e00164aa5eb15fd1545ff33
      size: 2803
    params:
      params.yaml:
        train.batch_size: 64
        train.epochs: 30
        train.learning_rate: 0.001
        train.n_splits: 5
    outs:
    - path: models/representations
      hash: md5
      md5: cd1f164f8bae314abbe1844b67eb80e0.dir
      size: 69285358
      nfiles: 11
  train_classifier:
    cmd: py src/training/train_rf.py
    deps:
    - path: data/processed
      hash: md5
      md5: 38254faac91a50bcf38a7ae8c215908f.dir
      size: 7791293741
      nfiles: 67
    - path: models/representations
      hash: md5
      md5: fa5e4b9b49a80e76602c43ac9d914097.dir
      size: 151813
      nfiles: 1
    - path: src/models/baseline_ae.py
      hash: md5
      md5: c7f44a003364565cc7b0ccac449ed864
      size: 1364
    - path: src/training/train_rf.py
      hash: md5
      md5: 8779ddfd7861ccca5ebff6bb390b6ffb
      size: 2466
    params:
      params.yaml:
        random_forest.max_depth: 10
        random_forest.n_estimators: 100
        random_forest.random_stat: 42
        train.batch_size: 64
        train.n_splits: 5
